// !$*UTF8*$!
{
	archiveVersion = 1;
	classes = {
	};
	objectVersion = 46;
	objects = {

/* Begin PBXBuildFile section */
		2CFEE6FC1CC93E1900FE7F63 /* AppDelegate.swift in Sources */ = {isa = PBXBuildFile; fileRef = 2CFEE6FB1CC93E1900FE7F63 /* AppDelegate.swift */; };
		2CFEE6FE1CC93E1900FE7F63 /* ViewController.swift in Sources */ = {isa = PBXBuildFile; fileRef = 2CFEE6FD1CC93E1900FE7F63 /* ViewController.swift */; };
		2CFEE7011CC93E1900FE7F63 /* Main.storyboard in Resources */ = {isa = PBXBuildFile; fileRef = 2CFEE6FF1CC93E1900FE7F63 /* Main.storyboard */; };
		2CFEE7031CC93E1900FE7F63 /* Assets.xcassets in Resources */ = {isa = PBXBuildFile; fileRef = 2CFEE7021CC93E1900FE7F63 /* Assets.xcassets */; };
		2CFEE7061CC93E1900FE7F63 /* LaunchScreen.storyboard in Resources */ = {isa = PBXBuildFile; fileRef = 2CFEE7041CC93E1900FE7F63 /* LaunchScreen.storyboard */; };
		2CFEE70E1CC941A900FE7F63 /* CocoaAsyncSocket.framework in Frameworks */ = {isa = PBXBuildFile; fileRef = 2CFEE70D1CC941A900FE7F63 /* CocoaAsyncSocket.framework */; };
		2CFEE70F1CC941A900FE7F63 /* CocoaAsyncSocket.framework in Embed Frameworks */ = {isa = PBXBuildFile; fileRef = 2CFEE70D1CC941A900FE7F63 /* CocoaAsyncSocket.framework */; settings = {ATTRIBUTES = (CodeSignOnCopy, RemoveHeadersOnCopy, ); }; };
/* End PBXBuildFile section */

/* Begin PBXCopyFilesBuildPhase section */
		2CFEE7101CC941A900FE7F63 /* Embed Frameworks */ = {
			isa = PBXCopyFilesBuildPhase;
			buildActionMask = 2147483647;
			dstPath = "";
			dstSubfolderSpec = 10;
			files = (
				2CFEE70F1CC941A900FE7F63 /* CocoaAsyncSocket.framework in Embed Frameworks */,
			);
			name = "Embed Frameworks";
			runOnlyForDeploymentPostprocessing = 0;
		};
/* End PBXCopyFilesBuildPhase section */

/* Begin PBXFileReference section */
		2CFEE6F81CC93E1900FE7F63 /* UdpMulticast_iOS.app */ = {isa = PBXFileReference; explicitFileType = wrapper.application; includeInIndex = 0; path = UdpMulticast_iOS.app; sourceTree = BUILT_PRODUCTS_DIR; };
		2CFEE6FB1CC93E1900FE7F63 /* AppDelegate.swift */ = {isa = PBXFileReference; lastKnownFileType = sourcecode.swift; path = AppDelegate.swift; sourceTree = "<group>"; };
		2CFEE6FD1CC93E1900FE7F63 /* ViewController.swift */ = {isa = PBXFileReference; lastKnownFileType = sourcecode.swift; path = ViewController.swift; sourceTree = "<group>"; };
		2CFEE7001CC93E1900FE7F63 /* Base */ = {isa = PBXFileReference; lastKnownFileType = file.storyboard; name = Base; path = Base.lproj/Main.storyboard; sourceTree = "<group>"; };
		2CFEE7021CC93E1900FE7F63 /* Assets.xcassets */ = {isa = PBXFileReference; lastKnownFileType = folder.assetcatalog; path = Assets.xcassets; sourceTree = "<group>"; };
		2CFEE7051CC93E1900FE7F63 /* Base */ = {isa = PBXFileReference; lastKnownFileType = file.storyboard; name = Base; path = Base.lproj/LaunchScreen.storyboard; sourceTree = "<group>"; };
		2CFEE7071CC93E1900FE7F63 /* Info.plist */ = {isa = PBXFileReference; lastKnownFileType = text.plist.xml; path = Info.plist; sourceTree = "<group>"; };
		2CFEE70D1CC941A900FE7F63 /* CocoaAsyncSocket.framework */ = {isa = PBXFileReference; lastKnownFileType = wrapper.framework; name = CocoaAsyncSocket.framework; path = Carthage/Build/iOS/CocoaAsyncSocket.framework; sourceTree = "<group>"; };
/* End PBXFileReference section */

/* Begin PBXFrameworksBuildPhase section */
		2CFEE6F51CC93E1900FE7F63 /* Frameworks */ = {
			isa = PBXFrameworksBuildPhase;
			buildActionMask = 2147483647;
			files = (
				2CFEE70E1CC941A900FE7F63 /* CocoaAsyncSocket.framework in Frameworks */,
			);
			runOnlyForDeploymentPostprocessing = 0;
		};
/* End PBXFrameworksBuildPhase section */

/* Begin PBXGroup section */
		2CFEE6EF1CC93E1900FE7F63 = {
			isa = PBXGroup;
			children = (
				2CFEE70D1CC941A900FE7F63 /* CocoaAsyncSocket.framework */,
				2CFEE6FA1CC93E1900FE7F63 /* UdpMulticast_iOS */,
				2CFEE6F91CC93E1900FE7F63 /* Products */,
			);
			sourceTree = "<group>";
		};
		2CFEE6F91CC93E1900FE7F63 /* Products */ = {
			isa = PBXGroup;
			children = (
				2CFEE6F81CC93E1900FE7F63 /* UdpMulticast_iOS.app */,
			);
			name = Products;
			sourceTree = "<group>";
		};
		2CFEE6FA1CC93E1900FE7F63 /* UdpMulticast_iOS */ = {
			isa = PBXGroup;
			children = (
				2CFEE6FB1CC93E1900FE7F63 /* AppDelegate.swift */,
				2CFEE6FD1CC93E1900FE7F63 /* ViewController.swift */,
				2CFEE6FF1CC93E1900FE7F63 /* Main.storyboard */,
				2CFEE7021CC93E1900FE7F63 /* Assets.xcassets */,
				2CFEE7041CC93E1900FE7F63 /* LaunchScreen.storyboard */,
				2CFEE7071CC93E1900FE7F63 /* Info.plist */,
			);
			path = UdpMulticast_iOS;
			sourceTree = "<group>";
		};
/* End PBXGroup section */

/* Begin PBXNativeTarget section */
		2CFEE6F71CC93E1900FE7F63 /* UdpMulticast_iOS */ = {
			isa = PBXNativeTarget;
			buildConfigurationList = 2CFEE70A1CC93E1A00FE7F63 /* Build configuration list for PBXNativeTarget "UdpMulticast_iOS" */;
			buildPhases = (
				2CFEE6F41CC93E1900FE7F63 /* Sources */,
				2CFEE6F51CC93E1900FE7F63 /* Frameworks */,
				2CFEE6F61CC93E1900FE7F63 /* Resources */,
				2CFEE7101CC941A900FE7F63 /* Embed Frameworks */,
			);
			buildRules = (
			);
			dependencies = (
			);
			name = UdpMulticast_iOS;
			productName = UdpMulticast_iOS;
			productReference = 2CFEE6F81CC93E1900FE7F63 /* UdpMulticast_iOS.app */;
			productType = "com.apple.product-type.application";
		};
/* End PBXNativeTarget section */

/* Begin PBXProject section */
		2CFEE6F01CC93E1900FE7F63 /* Project object */ = {
			isa = PBXProject;
			attributes = {
				LastSwiftUpdateCheck = 0730;
				LastUpgradeCheck = 0730;
				ORGANIZATIONNAME = VanillaStep;
				TargetAttributes = {
					2CFEE6F71CC93E1900FE7F63 = {
						CreatedOnToolsVersion = 7.3;
					};
				};
			};
			buildConfigurationList = 2CFEE6F31CC93E1900FE7F63 /* Build configuration list for PBXProject "UdpMulticast_iOS" */;
			compatibilityVersion = "Xcode 3.2";
			developmentRegion = English;
			hasScannedForEncodings = 0;
			knownRegions = (
				en,
				Base,
			);
			mainGroup = 2CFEE6EF1CC93E1900FE7F63;
			productRefGroup = 2CFEE6F91CC93E1900FE7F63 /* Products */;
			projectDirPath = "";
			projectRoot = "";
			targets = (
				2CFEE6F71CC93E1900FE7F63 /* UdpMulticast_iOS */,
			);
		};
/* End PBXProject section */

/* Begin PBXResourcesBuildPhase section */
		2CFEE6F61CC93E1900FE7F63 /* Resources */ = {
			isa = PBXResourcesBuildPhase;
			buildActionMask = 2147483647;
			files = (
				2CFEE7061CC93E1900FE7F63 /* LaunchScreen.storyboard in Resources */,
				2CFEE7031CC93E1900FE7F63 /* Assets.xcassets in Resources */,
				2CFEE7011CC93E1900FE7F63 /* Main.storyboard in Resources */,
			);
			runOnlyForDeploymentPostprocessing = 0;
		};
/* End PBXResourcesBuildPhase section */

/* Begin PBXSourcesBuildPhase section */
		2CFEE6F41CC93E1900FE7F63 /* Sources */ = {
			isa = PBXSourcesBuildPhase;
			buildActionMask = 2147483647;
			files = (
				2CFEE6FE1CC93E1900FE7F63 /* ViewController.swift in Sources */,
				2CFEE6FC1CC93E1900FE7F63 /* AppDelegate.swift in Sources */,
			);
			runOnlyForDeploymentPostprocessing = 0;
		};
/* End PBXSourcesBuildPhase section */

/* Begin PBXVariantGroup section */
		2CFEE6FF1CC93E1900FE7F63 /* Main.storyboard */ = {
			isa = PBXVariantGroup;
			children = (
				2CFEE7001CC93E1900FE7F63 /* Base */,
			);
			name = Main.storyboard;
			sourceTree = "<group>";
		};
		2CFEE7041CC93E1900FE7F63 /* LaunchScreen.storyboard */ = {
			isa = PBXVariantGroup;
			children = (
				2CFEE7051CC93E1900FE7F63 /* Base */,
			);
			name = LaunchScreen.storyboard;
			sourceTree = "<group>";
		};
/* End PBXVariantGroup section */

/* Begin XCBuildConfiguration section */
		2CFEE7081CC93E1A00FE7F63 /* Debug */ = {
			isa = XCBuildConfiguration;
			buildSettings = {
				ALWAYS_SEARCH_USER_PATHS = NO;
				CLANG_ANALYZER_NONNULL = YES;
				CLANG_CXX_LANGUAGE_STANDARD = "gnu++0x";
				CLANG_CXX_LIBRARY = "libc++";
				CLANG_ENABLE_MODULES = YES;
				CLANG_ENABLE_OBJC_ARC = YES;
				CLANG_WARN_BOOL_CONVERSION = YES;
				CLANG_WARN_CONSTANT_CONVERSION = YES;
				CLANG_WARN_DIRECT_OBJC_ISA_USAGE = YES_ERROR;
				CLANG_WARN_EMPTY_BODY = YES;
				CLANG_WARN_ENUM_CONVERSION = YES;
				CLANG_WARN_INT_CONVERSION = YES;
				CLANG_WARN_OBJC_ROOT_CLASS = YES_ERROR;
				CLANG_WARN_UNREACHABLE_CODE = YES;
				CLANG_WARN__DUPLICATE_METHOD_MATCH = YES;
				"CODE_SIGN_IDENTITY[sdk=iphoneos*]" = "iPhone Developer";
				COPY_PHASE_STRIP = NO;
				DEBUG_INFORMATION_FORMAT = dwarf;
				ENABLE_STRICT_OBJC_MSGSEND = YES;
				ENABLE_TESTABILITY = YES;
				GCC_C_LANGUAGE_STANDARD = gnu99;
				GCC_DYNAMIC_NO_PIC = NO;
				GCC_NO_COMMON_BLOCKS = YES;
				GCC_OPTIMIZATION_LEVEL = 0;
				GCC_PREPROCESSOR_DEFINITIONS = (
					"DEBUG=1",
					"$(inherited)",
				);
				GCC_WARN_64_TO_32_BIT_CONVERSION = YES;
				GCC_WARN_ABOUT_RETURN_TYPE = YES_ERROR;
				GCC_WARN_UNDECLARED_SELECTOR = YES;
				GCC_WARN_UNINITIALIZED_AUTOS = YES_AGGRESSIVE;
				GCC_WARN_UNUSED_FUNCTION = YES;
				GCC_WARN_UNUSED_VARIABLE = YES;
				IPHONEOS_DEPLOYMENT_TARGET = 9.3;
				MTL_ENABLE_DEBUG_INFO = YES;
				ONLY_ACTIVE_ARCH = YES;
				SDKROOT = iphoneos;
				SWIFT_OPTIMIZATION_LEVEL = "-Onone";
			};
			name = Debug;
		};
		2CFEE7091CC93E1A00FE7F63 /* Release */ = {
			isa = XCBuildConfiguration;
			buildSettings = {
				ALWAYS_SEARCH_USER_PATHS = NO;
				CLANG_ANALYZER_NONNULL = YES;
				CLANG_CXX_LANGUAGE_STANDARD = "gnu++0x";
				CLANG_CXX_LIBRARY = "libc++";
				CLANG_ENABLE_MODULES = YES;
				CLANG_ENABLE_OBJC_ARC = YES;
				CLANG_WARN_BOOL_CONVERSION = YES;
				CLANG_WARN_CONSTANT_CONVERSION = YES;
				CLANG_WARN_DIRECT_OBJC_ISA_USAGE = YES_ERROR;
				CLANG_WARN_EMPTY_BODY = YES;
				CLANG_WARN_ENUM_CONVERSION = YES;
				CLANG_WARN_INT_CONVERSION = YES;
				CLANG_WARN_OBJC_ROOT_CLASS = YES_ERROR;
				CLANG_WARN_UNREACHABLE_CODE = YES;
				CLANG_WARN__DUPLICATE_METHOD_MATCH = YES;
				"CODE_SIGN_IDENTITY[sdk=iphoneos*]" = "iPhone Developer";
				COPY_PHASE_STRIP = NO;
				DEBUG_INFORMATION_FORMAT = "dwarf-with-dsym";
				ENABLE_NS_ASSERTIONS = NO;
				ENABLE_STRICT_OBJC_MSGSEND = YES;
				GCC_C_LANGUAGE_STANDARD = gnu99;
				GCC_NO_COMMON_BLOCKS = YES;
				GCC_WARN_64_TO_32_BIT_CONVERSION = YES;
				GCC_WARN_ABOUT_RETURN_TYPE = YES_ERROR;
				GCC_WARN_UNDECLARED_SELECTOR = YES;
				GCC_WARN_UNINITIALIZED_AUTOS = YES_AGGRESSIVE;
				GCC_WARN_UNUSED_FUNCTION = YES;
				GCC_WARN_UNUSED_VARIABLE = YES;
				IPHONEOS_DEPLOYMENT_TARGET = 9.3;
				MTL_ENABLE_DEBUG_INFO = NO;
				SDKROOT = iphoneos;
				VALIDATE_PRODUCT = YES;
			};
			name = Release;
		};
		2CFEE70B1CC93E1A00FE7F63 /* Debug */ = {
			isa = XCBuildConfiguration;
			buildSettings = {
				ASSETCATALOG_COMPILER_APPICON_NAME = AppIcon;
				FRAMEWORK_SEARCH_PATHS = (
					"$(inherited)",
					"$(PROJECT_DIR)/Carthage/Build/iOS",
				);
				INFOPLIST_FILE = UdpMulticast_iOS/Info.plist;
				LD_RUNPATH_SEARCH_PATHS = "$(inherited) @executable_path/Frameworks";
				PRODUCT_BUNDLE_IDENTIFIER = "com.vanillastepdev.ios9.UdpMulticast-iOS";
				PRODUCT_NAME = "$(TARGET_NAME)";
			};
			name = Debug;
		};
		2CFEE70C1CC93E1A00FE7F63 /* Release */ = {
			isa = XCBuildConfiguration;
			buildSettings = {
				ASSETCATALOG_COMPILER_APPICON_NAME = AppIcon;
				FRAMEWORK_SEARCH_PATHS = (
					"$(inherited)",
					"$(PROJECT_DIR)/Carthage/Build/iOS",
				);
				INFOPLIST_FILE = UdpMulticast_iOS/Info.plist;
				LD_RUNPATH_SEARCH_PATHS = "$(inherited) @executable_path/Frameworks";
				PRODUCT_BUNDLE_IDENTIFIER = "com.vanillastepdev.ios9.UdpMulticast-iOS";
				PRODUCT_NAME = "$(TARGET_NAME)";
			};
			name = Release;
		};
/* End XCBuildConfiguration section */

/* Begin XCConfigurationList section */
		2CFEE6F31CC93E1900FE7F63 /* Build configuration list for PBXProject "UdpMulticast_iOS" */ = {
			isa = XCConfigurationList;
			buildConfigurations = (
				2CFEE7081CC93E1A00FE7F63 /* Debug */,
				2CFEE7091CC93E1A00FE7F63 /* Release */,
			);
			defaultConfigurationIsVisible = 0;
			defaultConfigurationName = Release;
		};
		2CFEE70A1CC93E1A00FE7F63 /* Build configuration list for PBXNativeTarget "UdpMulticast_iOS" */ = {
			isa = XCConfigurationList;
			buildConfigurations = (
				2CFEE70B1CC93E1A00FE7F63 /* Debug */,
				2CFEE70C1CC93E1A00FE7F63 /* Release */,
			);
			defaultConfigurationIsVisible = 0;
		};
/* End XCConfigurationList section */
	};
	rootObject = 2CFEE6F01CC93E1900FE7F63 /* Project object */;
}
